
Microsoft Visual Studio Solution File, Format Version 12.00
# Visual Studio Version 17
VisualStudioVersion = 17.11.35431.28
MinimumVisualStudioVersion = 10.0.40219.1
Project("{FAE04EC0-301F-11D3-BF4B-00C04F79EFBC}") = "ARPGenerator", "ARPGenerator\ARPGenerator.csproj", "{F1B8B743-6375-4193-95CE-D2AEF5334585}"
EndProject
Project("{FAE04EC0-301F-11D3-BF4B-00C04F79EFBC}") = "PADGenerator", "PADGenerator\PADGenerator.csproj", "{EA85F82E-DDBA-4F9D-9ED9-EFAAB6D5C6B0}"
EndProject
Project("{FAE04EC0-301F-11D3-BF4B-00C04F79EFBC}") = "AudioConverter", "AudioConverter\AudioConverter.csproj", "{862A01D4-E106-4233-AE70-0B0058BA656D}"
EndProject
Project("{FAE04EC0-301F-11D3-BF4B-00C04F79EFBC}") = "ImageResizer", "ImageResizer\ImageResizer.csproj", "{278F0B79-7654-4A3A-B7A9-F57F331DFB84}"
EndProject
Global
	GlobalSection(SolutionConfigurationPlatforms) = preSolution
		Debug|Any CPU = Debug|Any CPU
		Release|Any CPU = Release|Any CPU
	EndGlobalSection
	GlobalSection(ProjectConfigurationPlatforms) = postSolution
		{F1B8B743-6375-4193-95CE-D2AEF5334585}.Debug|Any CPU.ActiveCfg = Debug|Any CPU
		{F1B8B743-6375-4193-95CE-D2AEF5334585}.Debug|Any CPU.Build.0 = Debug|Any CPU
		{F1B8B743-6375-4193-95CE-D2AEF5334585}.Release|Any CPU.ActiveCfg = Release|Any CPU
		{F1B8B743-6375-4193-95CE-D2AEF5334585}.Release|Any CPU.Build.0 = Release|Any CPU
		{EA85F82E-DDBA-4F9D-9ED9-EFAAB6D5C6B0}.Debug|Any CPU.ActiveCfg = Debug|Any CPU
		{EA85F82E-DDBA-4F9D-9ED9-EFAAB6D5C6B0}.Debug|Any CPU.Build.0 = Debug|Any CPU
		{EA85F82E-DDBA-4F9D-9ED9-EFAAB6D5C6B0}.Release|Any CPU.ActiveCfg = Release|Any CPU
		{EA85F82E-DDBA-4F9D-9ED9-EFAAB6D5C6B0}.Release|Any CPU.Build.0 = Release|Any CPU
		{862A01D4-E106-4233-AE70-0B0058BA656D}.Debug|Any CPU.ActiveCfg = Debug|Any CPU
		{862A01D4-E106-4233-AE70-0B0058BA656D}.Debug|Any CPU.Build.0 = Debug|Any CPU
		{862A01D4-E106-4233-AE70-0B0058BA656D}.Release|Any CPU.ActiveCfg = Release|Any CPU
		{862A01D4-E106-4233-AE70-0B0058BA656D}.Release|Any CPU.Build.0 = Release|Any CPU
		{278F0B79-7654-4A3A-B7A9-F57F331DFB84}.Debug|Any CPU.ActiveCfg = Debug|Any CPU
		{278F0B79-7654-4A3A-B7A9-F57F331DFB84}.Debug|Any CPU.Build.0 = Debug|Any CPU
		{278F0B79-7654-4A3A-B7A9-F57F331DFB84}.Release|Any CPU.ActiveCfg = Release|Any CPU
		{278F0B79-7654-4A3A-B7A9-F57F331DFB84}.Release|Any CPU.Build.0 = Release|Any CPU
	EndGlobalSection
	GlobalSection(SolutionProperties) = preSolution
		HideSolutionNode = FALSE
	EndGlobalSection
	GlobalSection(ExtensibilityGlobals) = postSolution
		SolutionGuid = {8512F5E9-AD27-45C0-8FB5-DF3AAD5B8006}
	EndGlobalSection
EndGlobal
